
Microsoft Visual Studio Solution File, Format Version 12.00
# Visual Studio Version 16
VisualStudioVersion = 16.0.29324.140
MinimumVisualStudioVersion = 10.0.40219.1
Project("{FAE04EC0-301F-11D3-BF4B-00C04F79EFBC}") = "FitApp", "FitApp\FitApp.csproj", "{BD7D08A4-A92D-40A8-AB04-994B12139687}"
EndProject
Global
	GlobalSection(SolutionConfigurationPlatforms) = preSolution
		Debug|Any CPU = Debug|Any CPU
		Release|Any CPU = Release|Any CPU
	EndGlobalSection
	GlobalSection(ProjectConfigurationPlatforms) = postSolution
		{BD7D08A4-A92D-40A8-AB04-994B12139687}.Debug|Any CPU.ActiveCfg = Debug|Any CPU
		{BD7D08A4-A92D-40A8-AB04-994B12139687}.Debug|Any CPU.Build.0 = Debug|Any CPU
		{BD7D08A4-A92D-40A8-AB04-994B12139687}.Release|Any CPU.ActiveCfg = Release|Any CPU
		{BD7D08A4-A92D-40A8-AB04-994B12139687}.Release|Any CPU.Build.0 = Release|Any CPU
	EndGlobalSection
	GlobalSection(SolutionProperties) = preSolution
		HideSolutionNode = FALSE
	EndGlobalSection
	GlobalSection(ExtensibilityGlobals) = postSolution
		SolutionGuid = {0612BF7A-EE20-4C40-9097-3DDA9CD3284F}
	EndGlobalSection
EndGlobal
